github.com/Zereker/socket v1.0.0 h1:XhlddeRDagz6NHwovmxdKsQzPtMVqjPAmRiXZvnz8tU=
github.com/Zereker/socket v1.0.0/go.mod h1:qhL6L/hkNmQq8a9a5bTHOJWcGkq1LooD6aquYoauO3w=
github.com/Zereker/werewolf v0.0.1 h1:i92kRt9BQ+qs3koetiJdb8YDBjogxacQv2RrkH4ofzI=
github.com/Zereker/werewolf v0.0.1/go.mod h1:SvnQdGHH0GMAEDuF89mytJH2fduk+YbggPeZMr9bfXY=
github.com/google/uuid v1.6.0 h1:NIvaJDMOsjHA8n1jAhLSgzrAzy1Hgr+hNrb57e+94F0=
github.com/google/uuid v1.6.0/go.mod h1:TIyPZe4MgqvfeYDBFedMoGGpEw/LqOeaOT+nhxU+yHo=
github.com/pkg/errors v0.9.1 h1:FEBLx1zS214owpjy7qsBeixbURkuhQAwrK5UwLGTwt4=
github.com/pkg/errors v0.9.1/go.mod h1:bwawxfHBFNV+L2hUp1rHADufV3IMtnDRdf1r5NINEl0=
golang.org/x/sync v0.10.0 h1:3NQrjDixjgGwUOCaF8w2+VYHv0Ve/vGYSbdkTa98gmQ=
golang.org/x/sync v0.10.0/go.mod h1:Czt+wKu1gCyEFDUtn0jG5QVvpJ6rzVqr5aXyt9drQfk=
